
Microsoft Visual Studio Solution File, Format Version 12.00
# Visual Studio Version 16
VisualStudioVersion = 25.0.1706.4
MinimumVisualStudioVersion = 10.0.40219.1
Project("{FAE04EC0-301F-11D3-BF4B-00C04F79EFBC}") = "praticando_arquivos", "praticando_arquivos.csproj", "{91C5A955-874F-4982-BD14-9F8A87439700}"
EndProject
Global
	GlobalSection(SolutionConfigurationPlatforms) = preSolution
		Debug|Any CPU = Debug|Any CPU
		Release|Any CPU = Release|Any CPU
	EndGlobalSection
	GlobalSection(ProjectConfigurationPlatforms) = postSolution
		{91C5A955-874F-4982-BD14-9F8A87439700}.Debug|Any CPU.ActiveCfg = Debug|Any CPU
		{91C5A955-874F-4982-BD14-9F8A87439700}.Debug|Any CPU.Build.0 = Debug|Any CPU
		{91C5A955-874F-4982-BD14-9F8A87439700}.Release|Any CPU.ActiveCfg = Release|Any CPU
		{91C5A955-874F-4982-BD14-9F8A87439700}.Release|Any CPU.Build.0 = Release|Any CPU
	EndGlobalSection
	GlobalSection(SolutionProperties) = preSolution
		HideSolutionNode = FALSE
	EndGlobalSection
	GlobalSection(ExtensibilityGlobals) = postSolution
		SolutionGuid = {993BC29B-10B4-4DDC-84F8-38E5A05B8131}
	EndGlobalSection
EndGlobal
